
Microsoft Visual Studio Solution File, Format Version 12.00
# Visual Studio Version 17
VisualStudioVersion = 17.1.32421.90
MinimumVisualStudioVersion = 10.0.40219.1
Project("{FAE04EC0-301F-11D3-BF4B-00C04F79EFBC}") = "ShopingECart", "ShopingECart.csproj", "{F4CC2C39-82FD-485C-A42C-70ADDC4BE8E2}"
EndProject
Project("{2150E333-8FDC-42A3-9474-1A3956D46DE8}") = "Solution Items", "Solution Items", "{C92CA331-1433-4C51-9D86-FB06D28547E8}"
	ProjectSection(SolutionItems) = preProject
		.editorconfig = .editorconfig
	EndProjectSection
EndProject
Global
	GlobalSection(SolutionConfigurationPlatforms) = preSolution
		Debug|Any CPU = Debug|Any CPU
		Release|Any CPU = Release|Any CPU
	EndGlobalSection
	GlobalSection(ProjectConfigurationPlatforms) = postSolution
		{F4CC2C39-82FD-485C-A42C-70ADDC4BE8E2}.Debug|Any CPU.ActiveCfg = Debug|Any CPU
		{F4CC2C39-82FD-485C-A42C-70ADDC4BE8E2}.Debug|Any CPU.Build.0 = Debug|Any CPU
		{F4CC2C39-82FD-485C-A42C-70ADDC4BE8E2}.Release|Any CPU.ActiveCfg = Release|Any CPU
		{F4CC2C39-82FD-485C-A42C-70ADDC4BE8E2}.Release|Any CPU.Build.0 = Release|Any CPU
	EndGlobalSection
	GlobalSection(SolutionProperties) = preSolution
		HideSolutionNode = FALSE
	EndGlobalSection
	GlobalSection(ExtensibilityGlobals) = postSolution
		SolutionGuid = {64FB2CAE-D2B5-4D3F-8E6A-F4818BF0A0D9}
	EndGlobalSection
EndGlobal
